
Microsoft Visual Studio Solution File, Format Version 12.00
# Visual Studio 15
VisualStudioVersion = 15.0.28010.2003
MinimumVisualStudioVersion = 10.0.40219.1
Project("{FAE04EC0-301F-11D3-BF4B-00C04F79EFBC}") = "FutoshikiDotOrgScraper", "FutoshikiDotOrgScraper.csproj", "{677B7602-EAEF-40AE-92B4-865D4F08D496}"
EndProject
Global
	GlobalSection(SolutionConfigurationPlatforms) = preSolution
		Debug|Any CPU = Debug|Any CPU
		Release|Any CPU = Release|Any CPU
	EndGlobalSection
	GlobalSection(ProjectConfigurationPlatforms) = postSolution
		{677B7602-EAEF-40AE-92B4-865D4F08D496}.Debug|Any CPU.ActiveCfg = Debug|Any CPU
		{677B7602-EAEF-40AE-92B4-865D4F08D496}.Debug|Any CPU.Build.0 = Debug|Any CPU
		{677B7602-EAEF-40AE-92B4-865D4F08D496}.Release|Any CPU.ActiveCfg = Release|Any CPU
		{677B7602-EAEF-40AE-92B4-865D4F08D496}.Release|Any CPU.Build.0 = Release|Any CPU
	EndGlobalSection
	GlobalSection(SolutionProperties) = preSolution
		HideSolutionNode = FALSE
	EndGlobalSection
	GlobalSection(ExtensibilityGlobals) = postSolution
		SolutionGuid = {7F8F3FB3-F08E-4751-BCB1-F5AF2F30FBFB}
	EndGlobalSection
EndGlobal
